// !$*UTF8*$!
{
	archiveVersion = 1;
	classes = {
	};
	objectVersion = 46;
	objects = {

/* Begin PBXBuildFile section */
		C9A1718013477A440048E122 /* Cocoa.framework in Frameworks */ = {isa = PBXBuildFile; fileRef = C9A1717F13477A440048E122 /* Cocoa.framework */; };
		C9A171BA13477B620048E122 /* SVGKit.framework in Frameworks */ = {isa = PBXBuildFile; fileRef = C9A171B913477B620048E122 /* SVGKit.framework */; };
		C9A171BC13477B740048E122 /* SVGKit.framework in Copy Frameworks */ = {isa = PBXBuildFile; fileRef = C9A171B913477B620048E122 /* SVGKit.framework */; };
		C9FC228F1347924600A91703 /* ComparisonView.m in Sources */ = {isa = PBXBuildFile; fileRef = C9FC228A1347924600A91703 /* ComparisonView.m */; };
		C9FC22901347924600A91703 /* MainWindowController.m in Sources */ = {isa = PBXBuildFile; fileRef = C9FC228C1347924600A91703 /* MainWindowController.m */; };
		C9FC22911347924600A91703 /* SVGTesterAppDelegate.m in Sources */ = {isa = PBXBuildFile; fileRef = C9FC228E1347924600A91703 /* SVGTesterAppDelegate.m */; };
		C9FC22971347928C00A91703 /* MainMenu.xib in Resources */ = {isa = PBXBuildFile; fileRef = C9FC22931347928C00A91703 /* MainMenu.xib */; };
		C9FC22981347928C00A91703 /* MainWindow.xib in Resources */ = {isa = PBXBuildFile; fileRef = C9FC22951347928C00A91703 /* MainWindow.xib */; };
		C9FC229D134792A800A91703 /* main.m in Sources */ = {isa = PBXBuildFile; fileRef = C9FC229A134792A800A91703 /* main.m */; };
		C9FC22A31347940D00A91703 /* Lion.svg in Resources */ = {isa = PBXBuildFile; fileRef = C9FC22A01347940D00A91703 /* Lion.svg */; };
		C9FC22A41347940D00A91703 /* Monkey.svg in Resources */ = {isa = PBXBuildFile; fileRef = C9FC22A11347940D00A91703 /* Monkey.svg */; };
		C9FC22A51347940D00A91703 /* Note.svg in Resources */ = {isa = PBXBuildFile; fileRef = C9FC22A21347940D00A91703 /* Note.svg */; };
		C9FC22A91347941200A91703 /* Monkey.png in Resources */ = {isa = PBXBuildFile; fileRef = C9FC22A71347941200A91703 /* Monkey.png */; };
		C9FC22AA1347941200A91703 /* Note.png in Resources */ = {isa = PBXBuildFile; fileRef = C9FC22A81347941200A91703 /* Note.png */; };
/* End PBXBuildFile section */

/* Begin PBXContainerItemProxy section */
		C9A171B713477B380048E122 /* PBXContainerItemProxy */ = {
			isa = PBXContainerItemProxy;
			containerPortal = C9A171B013477B380048E122 /* SVGKit.xcodeproj */;
			proxyType = 2;
			remoteGlobalIDString = 8DC2EF5B0486A6940098B216;
			remoteInfo = SVGKit;
		};
/* End PBXContainerItemProxy section */

/* Begin PBXCopyFilesBuildPhase section */
		C9A171BB13477B6A0048E122 /* Copy Frameworks */ = {
			isa = PBXCopyFilesBuildPhase;
			buildActionMask = 2147483647;
			dstPath = "";
			dstSubfolderSpec = 10;
			files = (
				C9A171BC13477B740048E122 /* SVGKit.framework in Copy Frameworks */,
			);
			name = "Copy Frameworks";
			runOnlyForDeploymentPostprocessing = 0;
		};
/* End PBXCopyFilesBuildPhase section */

/* Begin PBXFileReference section */
		C9A1717B13477A440048E122 /* SVGTester.app */ = {isa = PBXFileReference; explicitFileType = wrapper.application; includeInIndex = 0; path = SVGTester.app; sourceTree = BUILT_PRODUCTS_DIR; };
		C9A1717F13477A440048E122 /* Cocoa.framework */ = {isa = PBXFileReference; lastKnownFileType = wrapper.framework; name = Cocoa.framework; path = System/Library/Frameworks/Cocoa.framework; sourceTree = SDKROOT; };
		C9A1718213477A440048E122 /* AppKit.framework */ = {isa = PBXFileReference; lastKnownFileType = wrapper.framework; name = AppKit.framework; path = System/Library/Frameworks/AppKit.framework; sourceTree = SDKROOT; };
		C9A1718313477A440048E122 /* CoreData.framework */ = {isa = PBXFileReference; lastKnownFileType = wrapper.framework; name = CoreData.framework; path = System/Library/Frameworks/CoreData.framework; sourceTree = SDKROOT; };
		C9A1718413477A440048E122 /* Foundation.framework */ = {isa = PBXFileReference; lastKnownFileType = wrapper.framework; name = Foundation.framework; path = System/Library/Frameworks/Foundation.framework; sourceTree = SDKROOT; };
		C9A171B013477B380048E122 /* SVGKit.xcodeproj */ = {isa = PBXFileReference; lastKnownFileType = "wrapper.pb-project"; name = SVGKit.xcodeproj; path = ../SVGKit.xcodeproj; sourceTree = "<group>"; };
		C9A171B913477B620048E122 /* SVGKit.framework */ = {isa = PBXFileReference; explicitFileType = wrapper.framework; path = SVGKit.framework; sourceTree = BUILT_PRODUCTS_DIR; };
		C9FC22891347924600A91703 /* ComparisonView.h */ = {isa = PBXFileReference; fileEncoding = 4; lastKnownFileType = sourcecode.c.h; path = ComparisonView.h; sourceTree = "<group>"; };
		C9FC228A1347924600A91703 /* ComparisonView.m */ = {isa = PBXFileReference; fileEncoding = 4; lastKnownFileType = sourcecode.c.objc; path = ComparisonView.m; sourceTree = "<group>"; };
		C9FC228B1347924600A91703 /* MainWindowController.h */ = {isa = PBXFileReference; fileEncoding = 4; lastKnownFileType = sourcecode.c.h; path = MainWindowController.h; sourceTree = "<group>"; };
		C9FC228C1347924600A91703 /* MainWindowController.m */ = {isa = PBXFileReference; fileEncoding = 4; lastKnownFileType = sourcecode.c.objc; path = MainWindowController.m; sourceTree = "<group>"; };
		C9FC228D1347924600A91703 /* SVGTesterAppDelegate.h */ = {isa = PBXFileReference; fileEncoding = 4; lastKnownFileType = sourcecode.c.h; path = SVGTesterAppDelegate.h; sourceTree = "<group>"; };
		C9FC228E1347924600A91703 /* SVGTesterAppDelegate.m */ = {isa = PBXFileReference; fileEncoding = 4; lastKnownFileType = sourcecode.c.objc; path = SVGTesterAppDelegate.m; sourceTree = "<group>"; };
		C9FC22941347928C00A91703 /* en */ = {isa = PBXFileReference; lastKnownFileType = file.xib; name = en; path = en.lproj/MainMenu.xib; sourceTree = "<group>"; };
		C9FC22961347928C00A91703 /* en */ = {isa = PBXFileReference; lastKnownFileType = file.xib; name = en; path = en.lproj/MainWindow.xib; sourceTree = "<group>"; };
		C9FC229A134792A800A91703 /* main.m */ = {isa = PBXFileReference; fileEncoding = 4; lastKnownFileType = sourcecode.c.objc; path = main.m; sourceTree = "<group>"; };
		C9FC229B134792A800A91703 /* SVGTester-Info.plist */ = {isa = PBXFileReference; fileEncoding = 4; lastKnownFileType = text.plist.xml; path = "SVGTester-Info.plist"; sourceTree = "<group>"; };
		C9FC229C134792A800A91703 /* SVGTester-Prefix.pch */ = {isa = PBXFileReference; fileEncoding = 4; lastKnownFileType = sourcecode.c.h; path = "SVGTester-Prefix.pch"; sourceTree = "<group>"; };
		C9FC22A01347940D00A91703 /* Lion.svg */ = {isa = PBXFileReference; fileEncoding = 4; lastKnownFileType = text.xml; path = Lion.svg; sourceTree = "<group>"; };
		C9FC22A11347940D00A91703 /* Monkey.svg */ = {isa = PBXFileReference; fileEncoding = 4; lastKnownFileType = text.xml; path = Monkey.svg; sourceTree = "<group>"; };
		C9FC22A21347940D00A91703 /* Note.svg */ = {isa = PBXFileReference; fileEncoding = 4; lastKnownFileType = text.xml; path = Note.svg; sourceTree = "<group>"; };
		C9FC22A71347941200A91703 /* Monkey.png */ = {isa = PBXFileReference; lastKnownFileType = image.png; path = Monkey.png; sourceTree = "<group>"; };
		C9FC22A81347941200A91703 /* Note.png */ = {isa = PBXFileReference; lastKnownFileType = image.png; path = Note.png; sourceTree = "<group>"; };
/* End PBXFileReference section */

/* Begin PBXFrameworksBuildPhase section */
		C9A1717813477A440048E122 /* Frameworks */ = {
			isa = PBXFrameworksBuildPhase;
			buildActionMask = 2147483647;
			files = (
				C9A1718013477A440048E122 /* Cocoa.framework in Frameworks */,
				C9A171BA13477B620048E122 /* SVGKit.framework in Frameworks */,
			);
			runOnlyForDeploymentPostprocessing = 0;
		};
/* End PBXFrameworksBuildPhase section */

/* Begin PBXGroup section */
		C9A1717013477A440048E122 = {
			isa = PBXGroup;
			children = (
				C9A171B013477B380048E122 /* SVGKit.xcodeproj */,
				C9FC22881347924600A91703 /* Classes */,
				C9FC22921347926E00A91703 /* Resources */,
				C9FC22991347929600A91703 /* Support Files */,
				C9A1717E13477A440048E122 /* Frameworks */,
				C9A1717C13477A440048E122 /* Products */,
			);
			sourceTree = "<group>";
		};
		C9A1717C13477A440048E122 /* Products */ = {
			isa = PBXGroup;
			children = (
				C9A1717B13477A440048E122 /* SVGTester.app */,
			);
			name = Products;
			sourceTree = "<group>";
		};
		C9A1717E13477A440048E122 /* Frameworks */ = {
			isa = PBXGroup;
			children = (
				C9A1717F13477A440048E122 /* Cocoa.framework */,
				C9A171B913477B620048E122 /* SVGKit.framework */,
				C9A1718113477A440048E122 /* Other Frameworks */,
			);
			name = Frameworks;
			sourceTree = "<group>";
		};
		C9A1718113477A440048E122 /* Other Frameworks */ = {
			isa = PBXGroup;
			children = (
				C9A1718213477A440048E122 /* AppKit.framework */,
				C9A1718313477A440048E122 /* CoreData.framework */,
				C9A1718413477A440048E122 /* Foundation.framework */,
			);
			name = "Other Frameworks";
			sourceTree = "<group>";
		};
		C9A171B113477B380048E122 /* Products */ = {
			isa = PBXGroup;
			children = (
				C9A171B813477B380048E122 /* SVGKit.framework */,
			);
			name = Products;
			sourceTree = "<group>";
		};
		C9FC22881347924600A91703 /* Classes */ = {
			isa = PBXGroup;
			children = (
				C9FC22891347924600A91703 /* ComparisonView.h */,
				C9FC228A1347924600A91703 /* ComparisonView.m */,
				C9FC228B1347924600A91703 /* MainWindowController.h */,
				C9FC228C1347924600A91703 /* MainWindowController.m */,
				C9FC228D1347924600A91703 /* SVGTesterAppDelegate.h */,
				C9FC228E1347924600A91703 /* SVGTesterAppDelegate.m */,
			);
			path = Classes;
			sourceTree = "<group>";
		};
		C9FC22921347926E00A91703 /* Resources */ = {
			isa = PBXGroup;
			children = (
				C9FC229F1347940D00A91703 /* Samples */,
				C9FC22A61347941200A91703 /* RenderedSamples */,
				C9FC22931347928C00A91703 /* MainMenu.xib */,
				C9FC22951347928C00A91703 /* MainWindow.xib */,
			);
			name = Resources;
			sourceTree = "<group>";
		};
		C9FC22991347929600A91703 /* Support Files */ = {
			isa = PBXGroup;
			children = (
				C9FC229A134792A800A91703 /* main.m */,
				C9FC229B134792A800A91703 /* SVGTester-Info.plist */,
				C9FC229C134792A800A91703 /* SVGTester-Prefix.pch */,
			);
			name = "Support Files";
			sourceTree = "<group>";
		};
		C9FC229F1347940D00A91703 /* Samples */ = {
			isa = PBXGroup;
			children = (
				C9FC22A01347940D00A91703 /* Lion.svg */,
				C9FC22A11347940D00A91703 /* Monkey.svg */,
				C9FC22A21347940D00A91703 /* Note.svg */,
			);
			name = Samples;
			path = ../Samples;
			sourceTree = "<group>";
		};
		C9FC22A61347941200A91703 /* RenderedSamples */ = {
			isa = PBXGroup;
			children = (
				C9FC22A71347941200A91703 /* Monkey.png */,
				C9FC22A81347941200A91703 /* Note.png */,
			);
			name = RenderedSamples;
			path = ../RenderedSamples;
			sourceTree = "<group>";
		};
/* End PBXGroup section */

/* Begin PBXNativeTarget section */
		C9A1717A13477A440048E122 /* SVGTester */ = {
			isa = PBXNativeTarget;
			buildConfigurationList = C9A1719913477A450048E122 /* Build configuration list for PBXNativeTarget "SVGTester" */;
			buildPhases = (
				C9A1717713477A440048E122 /* Sources */,
				C9A1717813477A440048E122 /* Frameworks */,
				C9A1717913477A440048E122 /* Resources */,
				C9A171BB13477B6A0048E122 /* Copy Frameworks */,
			);
			buildRules = (
			);
			dependencies = (
			);
			name = SVGTester;
			productName = SVGTester;
			productReference = C9A1717B13477A440048E122 /* SVGTester.app */;
			productType = "com.apple.product-type.application";
		};
/* End PBXNativeTarget section */

/* Begin PBXProject section */
		C9A1717213477A440048E122 /* Project object */ = {
			isa = PBXProject;
			attributes = {
				LastUpgradeCheck = 0420;
				ORGANIZATIONNAME = "Matt Rajca";
			};
			buildConfigurationList = C9A1717513477A440048E122 /* Build configuration list for PBXProject "SVGTester" */;
			compatibilityVersion = "Xcode 3.2";
			developmentRegion = English;
			hasScannedForEncodings = 0;
			knownRegions = (
				en,
			);
			mainGroup = C9A1717013477A440048E122;
			productRefGroup = C9A1717C13477A440048E122 /* Products */;
			projectDirPath = "";
			projectReferences = (
				{
					ProductGroup = C9A171B113477B380048E122 /* Products */;
					ProjectRef = C9A171B013477B380048E122 /* SVGKit.xcodeproj */;
				},
			);
			projectRoot = "";
			targets = (
				C9A1717A13477A440048E122 /* SVGTester */,
			);
		};
/* End PBXProject section */

/* Begin PBXReferenceProxy section */
		C9A171B813477B380048E122 /* SVGKit.framework */ = {
			isa = PBXReferenceProxy;
			fileType = wrapper.framework;
			path = SVGKit.framework;
			remoteRef = C9A171B713477B380048E122 /* PBXContainerItemProxy */;
			sourceTree = BUILT_PRODUCTS_DIR;
		};
/* End PBXReferenceProxy section */

/* Begin PBXResourcesBuildPhase section */
		C9A1717913477A440048E122 /* Resources */ = {
			isa = PBXResourcesBuildPhase;
			buildActionMask = 2147483647;
			files = (
				C9FC22971347928C00A91703 /* MainMenu.xib in Resources */,
				C9FC22981347928C00A91703 /* MainWindow.xib in Resources */,
				C9FC22A31347940D00A91703 /* Lion.svg in Resources */,
				C9FC22A41347940D00A91703 /* Monkey.svg in Resources */,
				C9FC22A51347940D00A91703 /* Note.svg in Resources */,
				C9FC22A91347941200A91703 /* Monkey.png in Resources */,
				C9FC22AA1347941200A91703 /* Note.png in Resources */,
			);
			runOnlyForDeploymentPostprocessing = 0;
		};
/* End PBXResourcesBuildPhase section */

/* Begin PBXSourcesBuildPhase section */
		C9A1717713477A440048E122 /* Sources */ = {
			isa = PBXSourcesBuildPhase;
			buildActionMask = 2147483647;
			files = (
				C9FC228F1347924600A91703 /* ComparisonView.m in Sources */,
				C9FC22901347924600A91703 /* MainWindowController.m in Sources */,
				C9FC22911347924600A91703 /* SVGTesterAppDelegate.m in Sources */,
				C9FC229D134792A800A91703 /* main.m in Sources */,
			);
			runOnlyForDeploymentPostprocessing = 0;
		};
/* End PBXSourcesBuildPhase section */

/* Begin PBXVariantGroup section */
		C9FC22931347928C00A91703 /* MainMenu.xib */ = {
			isa = PBXVariantGroup;
			children = (
				C9FC22941347928C00A91703 /* en */,
			);
			name = MainMenu.xib;
			sourceTree = "<group>";
		};
		C9FC22951347928C00A91703 /* MainWindow.xib */ = {
			isa = PBXVariantGroup;
			children = (
				C9FC22961347928C00A91703 /* en */,
			);
			name = MainWindow.xib;
			sourceTree = "<group>";
		};
/* End PBXVariantGroup section */

/* Begin XCBuildConfiguration section */
		C9A1719713477A450048E122 /* Debug */ = {
			isa = XCBuildConfiguration;
			buildSettings = {
				ARCHS = "$(ARCHS_STANDARD_32_64_BIT)";
				GCC_C_LANGUAGE_STANDARD = gnu99;
				GCC_OPTIMIZATION_LEVEL = 0;
				GCC_PREPROCESSOR_DEFINITIONS = DEBUG;
				GCC_SYMBOLS_PRIVATE_EXTERN = NO;
				GCC_VERSION = com.apple.compilers.llvm.clang.1_0;
				GCC_WARN_64_TO_32_BIT_CONVERSION = YES;
				GCC_WARN_ABOUT_RETURN_TYPE = YES;
				GCC_WARN_UNUSED_VARIABLE = YES;
				MACOSX_DEPLOYMENT_TARGET = 10.6;
				ONLY_ACTIVE_ARCH = YES;
				SDKROOT = macosx;
			};
			name = Debug;
		};
		C9A1719813477A450048E122 /* Release */ = {
			isa = XCBuildConfiguration;
			buildSettings = {
				ARCHS = "$(ARCHS_STANDARD_32_64_BIT)";
				GCC_C_LANGUAGE_STANDARD = gnu99;
				GCC_VERSION = com.apple.compilers.llvm.clang.1_0;
				GCC_WARN_64_TO_32_BIT_CONVERSION = YES;
				GCC_WARN_ABOUT_RETURN_TYPE = YES;
				GCC_WARN_UNUSED_VARIABLE = YES;
				MACOSX_DEPLOYMENT_TARGET = 10.6;
				SDKROOT = macosx;
			};
			name = Release;
		};
		C9A1719A13477A450048E122 /* Debug */ = {
			isa = XCBuildConfiguration;
			buildSettings = {
				ALWAYS_SEARCH_USER_PATHS = NO;
				COPY_PHASE_STRIP = NO;
				GCC_DYNAMIC_NO_PIC = NO;
				GCC_ENABLE_OBJC_EXCEPTIONS = YES;
				GCC_ENABLE_OBJC_GC = required;
				GCC_PRECOMPILE_PREFIX_HEADER = YES;
				GCC_PREFIX_HEADER = "SVGTester-Prefix.pch";
				INFOPLIST_FILE = "SVGTester-Info.plist";
				PRODUCT_NAME = "$(TARGET_NAME)";
				WRAPPER_EXTENSION = app;
			};
			name = Debug;
		};
		C9A1719B13477A450048E122 /* Release */ = {
			isa = XCBuildConfiguration;
			buildSettings = {
				ALWAYS_SEARCH_USER_PATHS = NO;
				COPY_PHASE_STRIP = YES;
				DEBUG_INFORMATION_FORMAT = "dwarf-with-dsym";
				GCC_ENABLE_OBJC_EXCEPTIONS = YES;
				GCC_ENABLE_OBJC_GC = required;
				GCC_PRECOMPILE_PREFIX_HEADER = YES;
				GCC_PREFIX_HEADER = "SVGTester-Prefix.pch";
				INFOPLIST_FILE = "SVGTester-Info.plist";
				PRODUCT_NAME = "$(TARGET_NAME)";
				WRAPPER_EXTENSION = app;
			};
			name = Release;
		};
/* End XCBuildConfiguration section */

/* Begin XCConfigurationList section */
		C9A1717513477A440048E122 /* Build configuration list for PBXProject "SVGTester" */ = {
			isa = XCConfigurationList;
			buildConfigurations = (
				C9A1719713477A450048E122 /* Debug */,
				C9A1719813477A450048E122 /* Release */,
			);
			defaultConfigurationIsVisible = 0;
			defaultConfigurationName = Release;
		};
		C9A1719913477A450048E122 /* Build configuration list for PBXNativeTarget "SVGTester" */ = {
			isa = XCConfigurationList;
			buildConfigurations = (
				C9A1719A13477A450048E122 /* Debug */,
				C9A1719B13477A450048E122 /* Release */,
			);
			defaultConfigurationIsVisible = 0;
			defaultConfigurationName = Release;
		};
/* End XCConfigurationList section */
	};
	rootObject = C9A1717213477A440048E122 /* Project object */;
}
