// !$*UTF8*$!
{
	archiveVersion = 1;
	classes = {
	};
	objectVersion = 46;
	objects = {

/* Begin PBXBuildFile section */
		55B4D7B1173EDA7A00D2C676 /* Cocoa.framework in Frameworks */ = {isa = PBXBuildFile; fileRef = 5540E66F17387C9F004029EF /* Cocoa.framework */; };
		55B4D7BF173EDAB900D2C676 /* SVGKitImageRep.m in Sources */ = {isa = PBXBuildFile; fileRef = 55B4D7BE173EDAB900D2C676 /* SVGKitImageRep.m */; };
		55B4D7C5173EDACD00D2C676 /* InfoPlist.strings in Resources */ = {isa = PBXBuildFile; fileRef = 55B4D7C1173EDACD00D2C676 /* InfoPlist.strings */; };
		55B4D7CF173EDC2500D2C676 /* SVGKit.framework in Frameworks */ = {isa = PBXBuildFile; fileRef = 55B4D7CC173EDB0600D2C676 /* SVGKit.framework */; };
		55B4D7D5173EF4BE00D2C676 /* SVGKit.framework in CopyFiles */ = {isa = PBXBuildFile; fileRef = 55B4D7CC173EDB0600D2C676 /* SVGKit.framework */; };
/* End PBXBuildFile section */

/* Begin PBXContainerItemProxy section */
		55B4D7CB173EDB0600D2C676 /* PBXContainerItemProxy */ = {
			isa = PBXContainerItemProxy;
			containerPortal = 55B4D7C7173EDB0600D2C676 /* SVGKit-OSX.xcodeproj */;
			proxyType = 2;
			remoteGlobalIDString = 5540E66C17387C9F004029EF;
			remoteInfo = SVGKit;
		};
		55B4D7CD173EDC1F00D2C676 /* PBXContainerItemProxy */ = {
			isa = PBXContainerItemProxy;
			containerPortal = 55B4D7C7173EDB0600D2C676 /* SVGKit-OSX.xcodeproj */;
			proxyType = 1;
			remoteGlobalIDString = 5540E66B17387C9F004029EF;
			remoteInfo = SVGKit;
		};
/* End PBXContainerItemProxy section */

/* Begin PBXCopyFilesBuildPhase section */
		55B4D7D4173EF4B200D2C676 /* CopyFiles */ = {
			isa = PBXCopyFilesBuildPhase;
			buildActionMask = 2147483647;
			dstPath = "";
			dstSubfolderSpec = 10;
			files = (
				55B4D7D5173EF4BE00D2C676 /* SVGKit.framework in CopyFiles */,
			);
			runOnlyForDeploymentPostprocessing = 0;
		};
/* End PBXCopyFilesBuildPhase section */

/* Begin PBXFileReference section */
		5540E66F17387C9F004029EF /* Cocoa.framework */ = {isa = PBXFileReference; lastKnownFileType = wrapper.framework; name = Cocoa.framework; path = System/Library/Frameworks/Cocoa.framework; sourceTree = SDKROOT; };
		5540E67217387C9F004029EF /* AppKit.framework */ = {isa = PBXFileReference; lastKnownFileType = wrapper.framework; name = AppKit.framework; path = System/Library/Frameworks/AppKit.framework; sourceTree = SDKROOT; };
		5540E67317387C9F004029EF /* CoreData.framework */ = {isa = PBXFileReference; lastKnownFileType = wrapper.framework; name = CoreData.framework; path = System/Library/Frameworks/CoreData.framework; sourceTree = SDKROOT; };
		5540E67417387C9F004029EF /* Foundation.framework */ = {isa = PBXFileReference; lastKnownFileType = wrapper.framework; name = Foundation.framework; path = System/Library/Frameworks/Foundation.framework; sourceTree = SDKROOT; };
		5540E817173887BE004029EF /* Quartz.framework */ = {isa = PBXFileReference; lastKnownFileType = wrapper.framework; name = Quartz.framework; path = System/Library/Frameworks/Quartz.framework; sourceTree = SDKROOT; };
		55B4D7B0173EDA7A00D2C676 /* SVGKImageRep.bundle */ = {isa = PBXFileReference; explicitFileType = wrapper.cfbundle; includeInIndex = 0; path = SVGKImageRep.bundle; sourceTree = BUILT_PRODUCTS_DIR; };
		55B4D7BD173EDAB900D2C676 /* SVGKitImageRep.h */ = {isa = PBXFileReference; fileEncoding = 4; lastKnownFileType = sourcecode.c.h; path = SVGKitImageRep.h; sourceTree = "<group>"; };
		55B4D7BE173EDAB900D2C676 /* SVGKitImageRep.m */ = {isa = PBXFileReference; fileEncoding = 4; lastKnownFileType = sourcecode.c.objc; path = SVGKitImageRep.m; sourceTree = "<group>"; };
		55B4D7C2173EDACD00D2C676 /* en */ = {isa = PBXFileReference; lastKnownFileType = text.plist.strings; name = en; path = en.lproj/InfoPlist.strings; sourceTree = "<group>"; };
		55B4D7C4173EDACD00D2C676 /* SVGKitImageRef-Prefix.pch */ = {isa = PBXFileReference; fileEncoding = 4; lastKnownFileType = sourcecode.c.h; path = "SVGKitImageRef-Prefix.pch"; sourceTree = "<group>"; };
		55B4D7C7173EDB0600D2C676 /* SVGKit-OSX.xcodeproj */ = {isa = PBXFileReference; lastKnownFileType = "wrapper.pb-project"; path = "SVGKit-OSX.xcodeproj"; sourceTree = "<group>"; };
		55B4D7D0173EDC5800D2C676 /* SVGKImageRep-Info.plist */ = {isa = PBXFileReference; lastKnownFileType = text.plist.xml; path = "SVGKImageRep-Info.plist"; sourceTree = "<group>"; };
/* End PBXFileReference section */

/* Begin PBXFrameworksBuildPhase section */
		55B4D7AD173EDA7A00D2C676 /* Frameworks */ = {
			isa = PBXFrameworksBuildPhase;
			buildActionMask = 2147483647;
			files = (
				55B4D7CF173EDC2500D2C676 /* SVGKit.framework in Frameworks */,
				55B4D7B1173EDA7A00D2C676 /* Cocoa.framework in Frameworks */,
			);
			runOnlyForDeploymentPostprocessing = 0;
		};
/* End PBXFrameworksBuildPhase section */

/* Begin PBXGroup section */
		5540E66217387C9E004029EF = {
			isa = PBXGroup;
			children = (
				55B4D7C7173EDB0600D2C676 /* SVGKit-OSX.xcodeproj */,
				55B4D7BC173EDAB900D2C676 /* Source */,
				55B4D7C0173EDACD00D2C676 /* Resources */,
				5540E66E17387C9F004029EF /* Frameworks */,
				5540E66D17387C9F004029EF /* Products */,
			);
			sourceTree = "<group>";
		};
		5540E66D17387C9F004029EF /* Products */ = {
			isa = PBXGroup;
			children = (
				55B4D7B0173EDA7A00D2C676 /* SVGKImageRep.bundle */,
			);
			name = Products;
			sourceTree = "<group>";
		};
		5540E66E17387C9F004029EF /* Frameworks */ = {
			isa = PBXGroup;
			children = (
				5540E817173887BE004029EF /* Quartz.framework */,
				5540E66F17387C9F004029EF /* Cocoa.framework */,
				5540E67117387C9F004029EF /* Other Frameworks */,
			);
			name = Frameworks;
			sourceTree = "<group>";
		};
		5540E67117387C9F004029EF /* Other Frameworks */ = {
			isa = PBXGroup;
			children = (
				5540E67217387C9F004029EF /* AppKit.framework */,
				5540E67317387C9F004029EF /* CoreData.framework */,
				5540E67417387C9F004029EF /* Foundation.framework */,
			);
			name = "Other Frameworks";
			sourceTree = "<group>";
		};
		55B4D7BC173EDAB900D2C676 /* Source */ = {
			isa = PBXGroup;
			children = (
				55B4D7BD173EDAB900D2C676 /* SVGKitImageRep.h */,
				55B4D7BE173EDAB900D2C676 /* SVGKitImageRep.m */,
			);
			name = Source;
			path = XCodeProjectData/ImageRep;
			sourceTree = "<group>";
		};
		55B4D7C0173EDACD00D2C676 /* Resources */ = {
			isa = PBXGroup;
			children = (
				55B4D7C1173EDACD00D2C676 /* InfoPlist.strings */,
				55B4D7D0173EDC5800D2C676 /* SVGKImageRep-Info.plist */,
				55B4D7C4173EDACD00D2C676 /* SVGKitImageRef-Prefix.pch */,
			);
			name = Resources;
			path = XCodeProjectData/ImageRep;
			sourceTree = "<group>";
		};
		55B4D7C8173EDB0600D2C676 /* Products */ = {
			isa = PBXGroup;
			children = (
				55B4D7CC173EDB0600D2C676 /* SVGKit.framework */,
			);
			name = Products;
			sourceTree = "<group>";
		};
/* End PBXGroup section */

/* Begin PBXNativeTarget section */
		55B4D7AF173EDA7A00D2C676 /* SVGKImageRep */ = {
			isa = PBXNativeTarget;
			buildConfigurationList = 55B4D7B9173EDA7A00D2C676 /* Build configuration list for PBXNativeTarget "SVGKImageRep" */;
			buildPhases = (
				55B4D7AC173EDA7A00D2C676 /* Sources */,
				55B4D7AD173EDA7A00D2C676 /* Frameworks */,
				55B4D7AE173EDA7A00D2C676 /* Resources */,
				55B4D7D4173EF4B200D2C676 /* CopyFiles */,
			);
			buildRules = (
			);
			dependencies = (
				55B4D7CE173EDC1F00D2C676 /* PBXTargetDependency */,
			);
			name = SVGKImageRep;
			productName = SVGKImageRep;
			productReference = 55B4D7B0173EDA7A00D2C676 /* SVGKImageRep.bundle */;
			productType = "com.apple.product-type.bundle";
		};
/* End PBXNativeTarget section */

/* Begin PBXProject section */
		5540E66317387C9E004029EF /* Project object */ = {
			isa = PBXProject;
			attributes = {
				LastUpgradeCheck = 0460;
				ORGANIZATIONNAME = "C.W. Betts";
			};
			buildConfigurationList = 5540E66617387C9E004029EF /* Build configuration list for PBXProject "ImageRep" */;
			compatibilityVersion = "Xcode 3.2";
			developmentRegion = English;
			hasScannedForEncodings = 0;
			knownRegions = (
				en,
			);
			mainGroup = 5540E66217387C9E004029EF;
			productRefGroup = 5540E66D17387C9F004029EF /* Products */;
			projectDirPath = "";
			projectReferences = (
				{
					ProductGroup = 55B4D7C8173EDB0600D2C676 /* Products */;
					ProjectRef = 55B4D7C7173EDB0600D2C676 /* SVGKit-OSX.xcodeproj */;
				},
			);
			projectRoot = "";
			targets = (
				55B4D7AF173EDA7A00D2C676 /* SVGKImageRep */,
			);
		};
/* End PBXProject section */

/* Begin PBXReferenceProxy section */
		55B4D7CC173EDB0600D2C676 /* SVGKit.framework */ = {
			isa = PBXReferenceProxy;
			fileType = wrapper.framework;
			path = SVGKit.framework;
			remoteRef = 55B4D7CB173EDB0600D2C676 /* PBXContainerItemProxy */;
			sourceTree = BUILT_PRODUCTS_DIR;
		};
/* End PBXReferenceProxy section */

/* Begin PBXResourcesBuildPhase section */
		55B4D7AE173EDA7A00D2C676 /* Resources */ = {
			isa = PBXResourcesBuildPhase;
			buildActionMask = 2147483647;
			files = (
				55B4D7C5173EDACD00D2C676 /* InfoPlist.strings in Resources */,
			);
			runOnlyForDeploymentPostprocessing = 0;
		};
/* End PBXResourcesBuildPhase section */

/* Begin PBXSourcesBuildPhase section */
		55B4D7AC173EDA7A00D2C676 /* Sources */ = {
			isa = PBXSourcesBuildPhase;
			buildActionMask = 2147483647;
			files = (
				55B4D7BF173EDAB900D2C676 /* SVGKitImageRep.m in Sources */,
			);
			runOnlyForDeploymentPostprocessing = 0;
		};
/* End PBXSourcesBuildPhase section */

/* Begin PBXTargetDependency section */
		55B4D7CE173EDC1F00D2C676 /* PBXTargetDependency */ = {
			isa = PBXTargetDependency;
			name = SVGKit;
			targetProxy = 55B4D7CD173EDC1F00D2C676 /* PBXContainerItemProxy */;
		};
/* End PBXTargetDependency section */

/* Begin PBXVariantGroup section */
		55B4D7C1173EDACD00D2C676 /* InfoPlist.strings */ = {
			isa = PBXVariantGroup;
			children = (
				55B4D7C2173EDACD00D2C676 /* en */,
			);
			name = InfoPlist.strings;
			sourceTree = "<group>";
		};
/* End PBXVariantGroup section */

/* Begin XCBuildConfiguration section */
		5540E67F17387C9F004029EF /* Debug */ = {
			isa = XCBuildConfiguration;
			buildSettings = {
				ALWAYS_SEARCH_USER_PATHS = NO;
				ARCHS = "$(ARCHS_STANDARD_64_BIT)";
				CLANG_CXX_LANGUAGE_STANDARD = "gnu++0x";
				CLANG_CXX_LIBRARY = "libc++";
				CLANG_WARN_CONSTANT_CONVERSION = YES;
				CLANG_WARN_EMPTY_BODY = YES;
				CLANG_WARN_ENUM_CONVERSION = YES;
				CLANG_WARN_INT_CONVERSION = YES;
				CLANG_WARN__DUPLICATE_METHOD_MATCH = YES;
				COPY_PHASE_STRIP = NO;
				GCC_C_LANGUAGE_STANDARD = gnu99;
				GCC_DYNAMIC_NO_PIC = NO;
				GCC_ENABLE_OBJC_EXCEPTIONS = YES;
				GCC_OPTIMIZATION_LEVEL = 0;
				GCC_PREPROCESSOR_DEFINITIONS = (
					"DEBUG=1",
					"$(inherited)",
				);
				GCC_SYMBOLS_PRIVATE_EXTERN = NO;
				GCC_WARN_64_TO_32_BIT_CONVERSION = YES;
				GCC_WARN_ABOUT_RETURN_TYPE = YES;
				GCC_WARN_UNINITIALIZED_AUTOS = YES;
				GCC_WARN_UNUSED_VARIABLE = YES;
				MACOSX_DEPLOYMENT_TARGET = 10.7;
				ONLY_ACTIVE_ARCH = YES;
				SDKROOT = macosx;
			};
			name = Debug;
		};
		5540E68017387C9F004029EF /* Release */ = {
			isa = XCBuildConfiguration;
			buildSettings = {
				ALWAYS_SEARCH_USER_PATHS = NO;
				ARCHS = "$(ARCHS_STANDARD_64_BIT)";
				CLANG_CXX_LANGUAGE_STANDARD = "gnu++0x";
				CLANG_CXX_LIBRARY = "libc++";
				CLANG_WARN_CONSTANT_CONVERSION = YES;
				CLANG_WARN_EMPTY_BODY = YES;
				CLANG_WARN_ENUM_CONVERSION = YES;
				CLANG_WARN_INT_CONVERSION = YES;
				CLANG_WARN__DUPLICATE_METHOD_MATCH = YES;
				COPY_PHASE_STRIP = YES;
				DEBUG_INFORMATION_FORMAT = "dwarf-with-dsym";
				GCC_C_LANGUAGE_STANDARD = gnu99;
				GCC_ENABLE_OBJC_EXCEPTIONS = YES;
				GCC_WARN_64_TO_32_BIT_CONVERSION = YES;
				GCC_WARN_ABOUT_RETURN_TYPE = YES;
				GCC_WARN_UNINITIALIZED_AUTOS = YES;
				GCC_WARN_UNUSED_VARIABLE = YES;
				MACOSX_DEPLOYMENT_TARGET = 10.7;
				SDKROOT = macosx;
			};
			name = Release;
		};
		559C10F8175568DD00486FEA /* Inspect */ = {
			isa = XCBuildConfiguration;
			buildSettings = {
				ALWAYS_SEARCH_USER_PATHS = NO;
				ARCHS = "$(ARCHS_STANDARD_64_BIT)";
				CLANG_CXX_LANGUAGE_STANDARD = "gnu++0x";
				CLANG_CXX_LIBRARY = "libc++";
				CLANG_WARN_CONSTANT_CONVERSION = YES;
				CLANG_WARN_EMPTY_BODY = YES;
				CLANG_WARN_ENUM_CONVERSION = YES;
				CLANG_WARN_INT_CONVERSION = YES;
				CLANG_WARN__DUPLICATE_METHOD_MATCH = YES;
				COPY_PHASE_STRIP = NO;
				DEBUG_INFORMATION_FORMAT = "dwarf-with-dsym";
				GCC_C_LANGUAGE_STANDARD = gnu99;
				GCC_ENABLE_OBJC_EXCEPTIONS = YES;
				GCC_WARN_64_TO_32_BIT_CONVERSION = YES;
				GCC_WARN_ABOUT_RETURN_TYPE = YES;
				GCC_WARN_UNINITIALIZED_AUTOS = YES;
				GCC_WARN_UNUSED_VARIABLE = YES;
				MACOSX_DEPLOYMENT_TARGET = 10.7;
				SDKROOT = macosx;
			};
			name = Inspect;
		};
		559C10F9175568DD00486FEA /* Inspect */ = {
			isa = XCBuildConfiguration;
			buildSettings = {
				COMBINE_HIDPI_IMAGES = YES;
				HEADER_SEARCH_PATHS = "Source/**";
				INFOPLIST_FILE = "XCodeProjectData/ImageRep/SVGKImageRep-Info.plist";
				INSTALL_PATH = "$(LOCAL_LIBRARY_DIR)/Bundles";
				LD_RUNPATH_SEARCH_PATHS = "@loader_path/../Frameworks";
				PRODUCT_NAME = "$(TARGET_NAME)";
				WRAPPER_EXTENSION = bundle;
			};
			name = Inspect;
		};
		55B4D7BA173EDA7A00D2C676 /* Debug */ = {
			isa = XCBuildConfiguration;
			buildSettings = {
				COMBINE_HIDPI_IMAGES = YES;
				HEADER_SEARCH_PATHS = "Source/**";
				INFOPLIST_FILE = "XCodeProjectData/ImageRep/SVGKImageRep-Info.plist";
				INSTALL_PATH = "$(LOCAL_LIBRARY_DIR)/Bundles";
				LD_RUNPATH_SEARCH_PATHS = "@loader_path/../Frameworks";
				PRODUCT_NAME = "$(TARGET_NAME)";
				WRAPPER_EXTENSION = bundle;
			};
			name = Debug;
		};
		55B4D7BB173EDA7A00D2C676 /* Release */ = {
			isa = XCBuildConfiguration;
			buildSettings = {
				COMBINE_HIDPI_IMAGES = YES;
				HEADER_SEARCH_PATHS = "Source/**";
				INFOPLIST_FILE = "XCodeProjectData/ImageRep/SVGKImageRep-Info.plist";
				INSTALL_PATH = "$(LOCAL_LIBRARY_DIR)/Bundles";
				LD_RUNPATH_SEARCH_PATHS = "@loader_path/../Frameworks";
				PRODUCT_NAME = "$(TARGET_NAME)";
				WRAPPER_EXTENSION = bundle;
			};
			name = Release;
		};
/* End XCBuildConfiguration section */

/* Begin XCConfigurationList section */
		5540E66617387C9E004029EF /* Build configuration list for PBXProject "ImageRep" */ = {
			isa = XCConfigurationList;
			buildConfigurations = (
				5540E67F17387C9F004029EF /* Debug */,
				5540E68017387C9F004029EF /* Release */,
				559C10F8175568DD00486FEA /* Inspect */,
			);
			defaultConfigurationIsVisible = 0;
			defaultConfigurationName = Release;
		};
		55B4D7B9173EDA7A00D2C676 /* Build configuration list for PBXNativeTarget "SVGKImageRep" */ = {
			isa = XCConfigurationList;
			buildConfigurations = (
				55B4D7BA173EDA7A00D2C676 /* Debug */,
				55B4D7BB173EDA7A00D2C676 /* Release */,
				559C10F9175568DD00486FEA /* Inspect */,
			);
			defaultConfigurationIsVisible = 0;
			defaultConfigurationName = Release;
		};
/* End XCConfigurationList section */
	};
	rootObject = 5540E66317387C9E004029EF /* Project object */;
}
